
Microsoft Visual Studio Solution File, Format Version 12.00
# Visual Studio Version 17
VisualStudioVersion = 17.7.34031.279
MinimumVisualStudioVersion = 10.0.40219.1
Project("{9A19103F-16F7-4668-BE54-9A1E7A4F7556}") = "Medical-Appointments-API", "Medical-Appointments-API.csproj", "{8CA3010D-8AD3-4E16-A285-1B1AC0C4D75F}"
EndProject
Project("{9A19103F-16F7-4668-BE54-9A1E7A4F7556}") = "Medical-Appointments-API.Tests", "..\Medical-Appointments-API.Tests\Medical-Appointments-API.Tests.csproj", "{6FA0A479-5530-4D51-98F5-DCD4863538EB}"
EndProject
Global
	GlobalSection(SolutionConfigurationPlatforms) = preSolution
		Debug|Any CPU = Debug|Any CPU
		Release|Any CPU = Release|Any CPU
	EndGlobalSection
	GlobalSection(ProjectConfigurationPlatforms) = postSolution
		{8CA3010D-8AD3-4E16-A285-1B1AC0C4D75F}.Debug|Any CPU.ActiveCfg = Debug|Any CPU
		{8CA3010D-8AD3-4E16-A285-1B1AC0C4D75F}.Debug|Any CPU.Build.0 = Debug|Any CPU
		{8CA3010D-8AD3-4E16-A285-1B1AC0C4D75F}.Release|Any CPU.ActiveCfg = Release|Any CPU
		{8CA3010D-8AD3-4E16-A285-1B1AC0C4D75F}.Release|Any CPU.Build.0 = Release|Any CPU
		{6FA0A479-5530-4D51-98F5-DCD4863538EB}.Debug|Any CPU.ActiveCfg = Debug|Any CPU
		{6FA0A479-5530-4D51-98F5-DCD4863538EB}.Debug|Any CPU.Build.0 = Debug|Any CPU
		{6FA0A479-5530-4D51-98F5-DCD4863538EB}.Release|Any CPU.ActiveCfg = Release|Any CPU
		{6FA0A479-5530-4D51-98F5-DCD4863538EB}.Release|Any CPU.Build.0 = Release|Any CPU
	EndGlobalSection
	GlobalSection(SolutionProperties) = preSolution
		HideSolutionNode = FALSE
	EndGlobalSection
	GlobalSection(ExtensibilityGlobals) = postSolution
		SolutionGuid = {0701C8C3-488D-4556-BB65-017CFA3C411B}
	EndGlobalSection
EndGlobal
